// !$*UTF8*$!
{
	archiveVersion = 1;
	classes = {
	};
	objectVersion = 48;
	objects = {

/* Begin PBXBuildFile section */
		6C052FB0204D56120030B804 /* AppDelegate.swift in Sources */ = {isa = PBXBuildFile; fileRef = 6C052FAF204D56120030B804 /* AppDelegate.swift */; };
		6C052FB2204D56120030B804 /* ViewController.swift in Sources */ = {isa = PBXBuildFile; fileRef = 6C052FB1204D56120030B804 /* ViewController.swift */; };
		6C052FB5204D56120030B804 /* Main.storyboard in Resources */ = {isa = PBXBuildFile; fileRef = 6C052FB3204D56120030B804 /* Main.storyboard */; };
		6C052FB7204D56120030B804 /* Assets.xcassets in Resources */ = {isa = PBXBuildFile; fileRef = 6C052FB6204D56120030B804 /* Assets.xcassets */; };
		6C052FBA204D56120030B804 /* LaunchScreen.storyboard in Resources */ = {isa = PBXBuildFile; fileRef = 6C052FB8204D56120030B804 /* LaunchScreen.storyboard */; };
		6C052FC5204D56120030B804 /* meteoTests.swift in Sources */ = {isa = PBXBuildFile; fileRef = 6C052FC4204D56120030B804 /* meteoTests.swift */; };
		6C052FD0204D56120030B804 /* meteoUITests.swift in Sources */ = {isa = PBXBuildFile; fileRef = 6C052FCF204D56120030B804 /* meteoUITests.swift */; };
/* End PBXBuildFile section */

/* Begin PBXContainerItemProxy section */
		6C052FC1204D56120030B804 /* PBXContainerItemProxy */ = {
			isa = PBXContainerItemProxy;
			containerPortal = 6C052FA4204D56120030B804 /* Project object */;
			proxyType = 1;
			remoteGlobalIDString = 6C052FAB204D56120030B804;
			remoteInfo = meteo;
		};
		6C052FCC204D56120030B804 /* PBXContainerItemProxy */ = {
			isa = PBXContainerItemProxy;
			containerPortal = 6C052FA4204D56120030B804 /* Project object */;
			proxyType = 1;
			remoteGlobalIDString = 6C052FAB204D56120030B804;
			remoteInfo = meteo;
		};
/* End PBXContainerItemProxy section */

/* Begin PBXFileReference section */
		6C052FAC204D56120030B804 /* meteo.app */ = {isa = PBXFileReference; explicitFileType = wrapper.application; includeInIndex = 0; path = meteo.app; sourceTree = BUILT_PRODUCTS_DIR; };
		6C052FAF204D56120030B804 /* AppDelegate.swift */ = {isa = PBXFileReference; lastKnownFileType = sourcecode.swift; path = AppDelegate.swift; sourceTree = "<group>"; };
		6C052FB1204D56120030B804 /* ViewController.swift */ = {isa = PBXFileReference; lastKnownFileType = sourcecode.swift; path = ViewController.swift; sourceTree = "<group>"; };
		6C052FB4204D56120030B804 /* Base */ = {isa = PBXFileReference; lastKnownFileType = file.storyboard; name = Base; path = Base.lproj/Main.storyboard; sourceTree = "<group>"; };
		6C052FB6204D56120030B804 /* Assets.xcassets */ = {isa = PBXFileReference; lastKnownFileType = folder.assetcatalog; path = Assets.xcassets; sourceTree = "<group>"; };
		6C052FB9204D56120030B804 /* Base */ = {isa = PBXFileReference; lastKnownFileType = file.storyboard; name = Base; path = Base.lproj/LaunchScreen.storyboard; sourceTree = "<group>"; };
		6C052FBB204D56120030B804 /* Info.plist */ = {isa = PBXFileReference; lastKnownFileType = text.plist.xml; path = Info.plist; sourceTree = "<group>"; };
		6C052FC0204D56120030B804 /* meteoTests.xctest */ = {isa = PBXFileReference; explicitFileType = wrapper.cfbundle; includeInIndex = 0; path = meteoTests.xctest; sourceTree = BUILT_PRODUCTS_DIR; };
		6C052FC4204D56120030B804 /* meteoTests.swift */ = {isa = PBXFileReference; lastKnownFileType = sourcecode.swift; path = meteoTests.swift; sourceTree = "<group>"; };
		6C052FC6204D56120030B804 /* Info.plist */ = {isa = PBXFileReference; lastKnownFileType = text.plist.xml; path = Info.plist; sourceTree = "<group>"; };
		6C052FCB204D56120030B804 /* meteoUITests.xctest */ = {isa = PBXFileReference; explicitFileType = wrapper.cfbundle; includeInIndex = 0; path = meteoUITests.xctest; sourceTree = BUILT_PRODUCTS_DIR; };
		6C052FCF204D56120030B804 /* meteoUITests.swift */ = {isa = PBXFileReference; lastKnownFileType = sourcecode.swift; path = meteoUITests.swift; sourceTree = "<group>"; };
		6C052FD1204D56120030B804 /* Info.plist */ = {isa = PBXFileReference; lastKnownFileType = text.plist.xml; path = Info.plist; sourceTree = "<group>"; };
/* End PBXFileReference section */

/* Begin PBXFrameworksBuildPhase section */
		6C052FA9204D56120030B804 /* Frameworks */ = {
			isa = PBXFrameworksBuildPhase;
			buildActionMask = 2147483647;
			files = (
			);
			runOnlyForDeploymentPostprocessing = 0;
		};
		6C052FBD204D56120030B804 /* Frameworks */ = {
			isa = PBXFrameworksBuildPhase;
			buildActionMask = 2147483647;
			files = (
			);
			runOnlyForDeploymentPostprocessing = 0;
		};
		6C052FC8204D56120030B804 /* Frameworks */ = {
			isa = PBXFrameworksBuildPhase;
			buildActionMask = 2147483647;
			files = (
			);
			runOnlyForDeploymentPostprocessing = 0;
		};
/* End PBXFrameworksBuildPhase section */

/* Begin PBXGroup section */
		6C052FA3204D56120030B804 = {
			isa = PBXGroup;
			children = (
				6C052FAE204D56120030B804 /* meteo */,
				6C052FC3204D56120030B804 /* meteoTests */,
				6C052FCE204D56120030B804 /* meteoUITests */,
				6C052FAD204D56120030B804 /* Products */,
			);
			sourceTree = "<group>";
		};
		6C052FAD204D56120030B804 /* Products */ = {
			isa = PBXGroup;
			children = (
				6C052FAC204D56120030B804 /* meteo.app */,
				6C052FC0204D56120030B804 /* meteoTests.xctest */,
				6C052FCB204D56120030B804 /* meteoUITests.xctest */,
			);
			name = Products;
			sourceTree = "<group>";
		};
		6C052FAE204D56120030B804 /* meteo */ = {
			isa = PBXGroup;
			children = (
				6C052FAF204D56120030B804 /* AppDelegate.swift */,
				6C052FB1204D56120030B804 /* ViewController.swift */,
				6C052FB3204D56120030B804 /* Main.storyboard */,
				6C052FB6204D56120030B804 /* Assets.xcassets */,
				6C052FB8204D56120030B804 /* LaunchScreen.storyboard */,
				6C052FBB204D56120030B804 /* Info.plist */,
			);
			path = meteo;
			sourceTree = "<group>";
		};
		6C052FC3204D56120030B804 /* meteoTests */ = {
			isa = PBXGroup;
			children = (
				6C052FC4204D56120030B804 /* meteoTests.swift */,
				6C052FC6204D56120030B804 /* Info.plist */,
			);
			path = meteoTests;
			sourceTree = "<group>";
		};
		6C052FCE204D56120030B804 /* meteoUITests */ = {
			isa = PBXGroup;
			children = (
				6C052FCF204D56120030B804 /* meteoUITests.swift */,
				6C052FD1204D56120030B804 /* Info.plist */,
			);
			path = meteoUITests;
			sourceTree = "<group>";
		};
/* End PBXGroup section */

/* Begin PBXNativeTarget section */
		6C052FAB204D56120030B804 /* meteo */ = {
			isa = PBXNativeTarget;
			buildConfigurationList = 6C052FD4204D56120030B804 /* Build configuration list for PBXNativeTarget "meteo" */;
			buildPhases = (
				6C052FA8204D56120030B804 /* Sources */,
				6C052FA9204D56120030B804 /* Frameworks */,
				6C052FAA204D56120030B804 /* Resources */,
			);
			buildRules = (
			);
			dependencies = (
			);
			name = meteo;
			productName = meteo;
			productReference = 6C052FAC204D56120030B804 /* meteo.app */;
			productType = "com.apple.product-type.application";
		};
		6C052FBF204D56120030B804 /* meteoTests */ = {
			isa = PBXNativeTarget;
			buildConfigurationList = 6C052FD7204D56120030B804 /* Build configuration list for PBXNativeTarget "meteoTests" */;
			buildPhases = (
				6C052FBC204D56120030B804 /* Sources */,
				6C052FBD204D56120030B804 /* Frameworks */,
				6C052FBE204D56120030B804 /* Resources */,
			);
			buildRules = (
			);
			dependencies = (
				6C052FC2204D56120030B804 /* PBXTargetDependency */,
			);
			name = meteoTests;
			productName = meteoTests;
			productReference = 6C052FC0204D56120030B804 /* meteoTests.xctest */;
			productType = "com.apple.product-type.bundle.unit-test";
		};
		6C052FCA204D56120030B804 /* meteoUITests */ = {
			isa = PBXNativeTarget;
			buildConfigurationList = 6C052FDA204D56120030B804 /* Build configuration list for PBXNativeTarget "meteoUITests" */;
			buildPhases = (
				6C052FC7204D56120030B804 /* Sources */,
				6C052FC8204D56120030B804 /* Frameworks */,
				6C052FC9204D56120030B804 /* Resources */,
			);
			buildRules = (
			);
			dependencies = (
				6C052FCD204D56120030B804 /* PBXTargetDependency */,
			);
			name = meteoUITests;
			productName = meteoUITests;
			productReference = 6C052FCB204D56120030B804 /* meteoUITests.xctest */;
			productType = "com.apple.product-type.bundle.ui-testing";
		};
/* End PBXNativeTarget section */

/* Begin PBXProject section */
		6C052FA4204D56120030B804 /* Project object */ = {
			isa = PBXProject;
			attributes = {
				LastSwiftUpdateCheck = 0920;
				LastUpgradeCheck = 0920;
				ORGANIZATIONNAME = tribouillard;
				TargetAttributes = {
					6C052FAB204D56120030B804 = {
						CreatedOnToolsVersion = 9.2;
						ProvisioningStyle = Automatic;
					};
					6C052FBF204D56120030B804 = {
						CreatedOnToolsVersion = 9.2;
						ProvisioningStyle = Automatic;
						TestTargetID = 6C052FAB204D56120030B804;
					};
					6C052FCA204D56120030B804 = {
						CreatedOnToolsVersion = 9.2;
						ProvisioningStyle = Automatic;
						TestTargetID = 6C052FAB204D56120030B804;
					};
				};
			};
			buildConfigurationList = 6C052FA7204D56120030B804 /* Build configuration list for PBXProject "meteo" */;
			compatibilityVersion = "Xcode 8.0";
			developmentRegion = en;
			hasScannedForEncodings = 0;
			knownRegions = (
				en,
				Base,
			);
			mainGroup = 6C052FA3204D56120030B804;
			productRefGroup = 6C052FAD204D56120030B804 /* Products */;
			projectDirPath = "";
			projectRoot = "";
			targets = (
				6C052FAB204D56120030B804 /* meteo */,
				6C052FBF204D56120030B804 /* meteoTests */,
				6C052FCA204D56120030B804 /* meteoUITests */,
			);
		};
/* End PBXProject section */

/* Begin PBXResourcesBuildPhase section */
		6C052FAA204D56120030B804 /* Resources */ = {
			isa = PBXResourcesBuildPhase;
			buildActionMask = 2147483647;
			files = (
				6C052FBA204D56120030B804 /* LaunchScreen.storyboard in Resources */,
				6C052FB7204D56120030B804 /* Assets.xcassets in Resources */,
				6C052FB5204D56120030B804 /* Main.storyboard in Resources */,
			);
			runOnlyForDeploymentPostprocessing = 0;
		};
		6C052FBE204D56120030B804 /* Resources */ = {
			isa = PBXResourcesBuildPhase;
			buildActionMask = 2147483647;
			files = (
			);
			runOnlyForDeploymentPostprocessing = 0;
		};
		6C052FC9204D56120030B804 /* Resources */ = {
			isa = PBXResourcesBuildPhase;
			buildActionMask = 2147483647;
			files = (
			);
			runOnlyForDeploymentPostprocessing = 0;
		};
/* End PBXResourcesBuildPhase section */

/* Begin PBXSourcesBuildPhase section */
		6C052FA8204D56120030B804 /* Sources */ = {
			isa = PBXSourcesBuildPhase;
			buildActionMask = 2147483647;
			files = (
				6C052FB2204D56120030B804 /* ViewController.swift in Sources */,
				6C052FB0204D56120030B804 /* AppDelegate.swift in Sources */,
			);
			runOnlyForDeploymentPostprocessing = 0;
		};
		6C052FBC204D56120030B804 /* Sources */ = {
			isa = PBXSourcesBuildPhase;
			buildActionMask = 2147483647;
			files = (
				6C052FC5204D56120030B804 /* meteoTests.swift in Sources */,
			);
			runOnlyForDeploymentPostprocessing = 0;
		};
		6C052FC7204D56120030B804 /* Sources */ = {
			isa = PBXSourcesBuildPhase;
			buildActionMask = 2147483647;
			files = (
				6C052FD0204D56120030B804 /* meteoUITests.swift in Sources */,
			);
			runOnlyForDeploymentPostprocessing = 0;
		};
/* End PBXSourcesBuildPhase section */

/* Begin PBXTargetDependency section */
		6C052FC2204D56120030B804 /* PBXTargetDependency */ = {
			isa = PBXTargetDependency;
			target = 6C052FAB204D56120030B804 /* meteo */;
			targetProxy = 6C052FC1204D56120030B804 /* PBXContainerItemProxy */;
		};
		6C052FCD204D56120030B804 /* PBXTargetDependency */ = {
			isa = PBXTargetDependency;
			target = 6C052FAB204D56120030B804 /* meteo */;
			targetProxy = 6C052FCC204D56120030B804 /* PBXContainerItemProxy */;
		};
/* End PBXTargetDependency section */

/* Begin PBXVariantGroup section */
		6C052FB3204D56120030B804 /* Main.storyboard */ = {
			isa = PBXVariantGroup;
			children = (
				6C052FB4204D56120030B804 /* Base */,
			);
			name = Main.storyboard;
			sourceTree = "<group>";
		};
		6C052FB8204D56120030B804 /* LaunchScreen.storyboard */ = {
			isa = PBXVariantGroup;
			children = (
				6C052FB9204D56120030B804 /* Base */,
			);
			name = LaunchScreen.storyboard;
			sourceTree = "<group>";
		};
/* End PBXVariantGroup section */

/* Begin XCBuildConfiguration section */
		6C052FD2204D56120030B804 /* Debug */ = {
			isa = XCBuildConfiguration;
			buildSettings = {
				ALWAYS_SEARCH_USER_PATHS = NO;
				CLANG_ANALYZER_NONNULL = YES;
				CLANG_ANALYZER_NUMBER_OBJECT_CONVERSION = YES_AGGRESSIVE;
				CLANG_CXX_LANGUAGE_STANDARD = "gnu++14";
				CLANG_CXX_LIBRARY = "libc++";
				CLANG_ENABLE_MODULES = YES;
				CLANG_ENABLE_OBJC_ARC = YES;
				CLANG_WARN_BLOCK_CAPTURE_AUTORELEASING = YES;
				CLANG_WARN_BOOL_CONVERSION = YES;
				CLANG_WARN_COMMA = YES;
				CLANG_WARN_CONSTANT_CONVERSION = YES;
				CLANG_WARN_DIRECT_OBJC_ISA_USAGE = YES_ERROR;
				CLANG_WARN_DOCUMENTATION_COMMENTS = YES;
				CLANG_WARN_EMPTY_BODY = YES;
				CLANG_WARN_ENUM_CONVERSION = YES;
				CLANG_WARN_INFINITE_RECURSION = YES;
				CLANG_WARN_INT_CONVERSION = YES;
				CLANG_WARN_NON_LITERAL_NULL_CONVERSION = YES;
				CLANG_WARN_OBJC_LITERAL_CONVERSION = YES;
				CLANG_WARN_OBJC_ROOT_CLASS = YES_ERROR;
				CLANG_WARN_RANGE_LOOP_ANALYSIS = YES;
				CLANG_WARN_STRICT_PROTOTYPES = YES;
				CLANG_WARN_SUSPICIOUS_MOVE = YES;
				CLANG_WARN_UNGUARDED_AVAILABILITY = YES_AGGRESSIVE;
				CLANG_WARN_UNREACHABLE_CODE = YES;
				CLANG_WARN__DUPLICATE_METHOD_MATCH = YES;
				CODE_SIGN_IDENTITY = "iPhone Developer";
				COPY_PHASE_STRIP = NO;
				DEBUG_INFORMATION_FORMAT = dwarf;
				ENABLE_STRICT_OBJC_MSGSEND = YES;
				ENABLE_TESTABILITY = YES;
				GCC_C_LANGUAGE_STANDARD = gnu11;
				GCC_DYNAMIC_NO_PIC = NO;
				GCC_NO_COMMON_BLOCKS = YES;
				GCC_OPTIMIZATION_LEVEL = 0;
				GCC_PREPROCESSOR_DEFINITIONS = (
					"DEBUG=1",
					"$(inherited)",
				);
				GCC_WARN_64_TO_32_BIT_CONVERSION = YES;
				GCC_WARN_ABOUT_RETURN_TYPE = YES_ERROR;
				GCC_WARN_UNDECLARED_SELECTOR = YES;
				GCC_WARN_UNINITIALIZED_AUTOS = YES_AGGRESSIVE;
				GCC_WARN_UNUSED_FUNCTION = YES;
				GCC_WARN_UNUSED_VARIABLE = YES;
				IPHONEOS_DEPLOYMENT_TARGET = 11.2;
				MTL_ENABLE_DEBUG_INFO = YES;
				ONLY_ACTIVE_ARCH = YES;
				SDKROOT = iphoneos;
				SWIFT_ACTIVE_COMPILATION_CONDITIONS = DEBUG;
				SWIFT_OPTIMIZATION_LEVEL = "-Onone";
			};
			name = Debug;
		};
		6C052FD3204D56120030B804 /* Release */ = {
			isa = XCBuildConfiguration;
			buildSettings = {
				ALWAYS_SEARCH_USER_PATHS = NO;
				CLANG_ANALYZER_NONNULL = YES;
				CLANG_ANALYZER_NUMBER_OBJECT_CONVERSION = YES_AGGRESSIVE;
				CLANG_CXX_LANGUAGE_STANDARD = "gnu++14";
				CLANG_CXX_LIBRARY = "libc++";
				CLANG_ENABLE_MODULES = YES;
				CLANG_ENABLE_OBJC_ARC = YES;
				CLANG_WARN_BLOCK_CAPTURE_AUTORELEASING = YES;
				CLANG_WARN_BOOL_CONVERSION = YES;
				CLANG_WARN_COMMA = YES;
				CLANG_WARN_CONSTANT_CONVERSION = YES;
				CLANG_WARN_DIRECT_OBJC_ISA_USAGE = YES_ERROR;
				CLANG_WARN_DOCUMENTATION_COMMENTS = YES;
				CLANG_WARN_EMPTY_BODY = YES;
				CLANG_WARN_ENUM_CONVERSION = YES;
				CLANG_WARN_INFINITE_RECURSION = YES;
				CLANG_WARN_INT_CONVERSION = YES;
				CLANG_WARN_NON_LITERAL_NULL_CONVERSION = YES;
				CLANG_WARN_OBJC_LITERAL_CONVERSION = YES;
				CLANG_WARN_OBJC_ROOT_CLASS = YES_ERROR;
				CLANG_WARN_RANGE_LOOP_ANALYSIS = YES;
				CLANG_WARN_STRICT_PROTOTYPES = YES;
				CLANG_WARN_SUSPICIOUS_MOVE = YES;
				CLANG_WARN_UNGUARDED_AVAILABILITY = YES_AGGRESSIVE;
				CLANG_WARN_UNREACHABLE_CODE = YES;
				CLANG_WARN__DUPLICATE_METHOD_MATCH = YES;
				CODE_SIGN_IDENTITY = "iPhone Developer";
				COPY_PHASE_STRIP = NO;
				DEBUG_INFORMATION_FORMAT = "dwarf-with-dsym";
				ENABLE_NS_ASSERTIONS = NO;
				ENABLE_STRICT_OBJC_MSGSEND = YES;
				GCC_C_LANGUAGE_STANDARD = gnu11;
				GCC_NO_COMMON_BLOCKS = YES;
				GCC_WARN_64_TO_32_BIT_CONVERSION = YES;
				GCC_WARN_ABOUT_RETURN_TYPE = YES_ERROR;
				GCC_WARN_UNDECLARED_SELECTOR = YES;
				GCC_WARN_UNINITIALIZED_AUTOS = YES_AGGRESSIVE;
				GCC_WARN_UNUSED_FUNCTION = YES;
				GCC_WARN_UNUSED_VARIABLE = YES;
				IPHONEOS_DEPLOYMENT_TARGET = 11.2;
				MTL_ENABLE_DEBUG_INFO = NO;
				SDKROOT = iphoneos;
				SWIFT_OPTIMIZATION_LEVEL = "-Owholemodule";
				VALIDATE_PRODUCT = YES;
			};
			name = Release;
		};
		6C052FD5204D56120030B804 /* Debug */ = {
			isa = XCBuildConfiguration;
			buildSettings = {
				ASSETCATALOG_COMPILER_APPICON_NAME = AppIcon;
				CODE_SIGN_STYLE = Automatic;
				INFOPLIST_FILE = meteo/Info.plist;
				LD_RUNPATH_SEARCH_PATHS = "$(inherited) @executable_path/Frameworks";
				PRODUCT_BUNDLE_IDENTIFIER = com.clemtrib.meteo;
				PRODUCT_NAME = "$(TARGET_NAME)";
				SWIFT_VERSION = 4.0;
				TARGETED_DEVICE_FAMILY = "1,2";
			};
			name = Debug;
		};
		6C052FD6204D56120030B804 /* Release */ = {
			isa = XCBuildConfiguration;
			buildSettings = {
				ASSETCATALOG_COMPILER_APPICON_NAME = AppIcon;
				CODE_SIGN_STYLE = Automatic;
				INFOPLIST_FILE = meteo/Info.plist;
				LD_RUNPATH_SEARCH_PATHS = "$(inherited) @executable_path/Frameworks";
				PRODUCT_BUNDLE_IDENTIFIER = com.clemtrib.meteo;
				PRODUCT_NAME = "$(TARGET_NAME)";
				SWIFT_VERSION = 4.0;
				TARGETED_DEVICE_FAMILY = "1,2";
			};
			name = Release;
		};
		6C052FD8204D56120030B804 /* Debug */ = {
			isa = XCBuildConfiguration;
			buildSettings = {
				ALWAYS_EMBED_SWIFT_STANDARD_LIBRARIES = YES;
				BUNDLE_LOADER = "$(TEST_HOST)";
				CODE_SIGN_STYLE = Automatic;
				INFOPLIST_FILE = meteoTests/Info.plist;
				LD_RUNPATH_SEARCH_PATHS = "$(inherited) @executable_path/Frameworks @loader_path/Frameworks";
				PRODUCT_BUNDLE_IDENTIFIER = com.clemtrib.meteoTests;
				PRODUCT_NAME = "$(TARGET_NAME)";
				SWIFT_VERSION = 4.0;
				TARGETED_DEVICE_FAMILY = "1,2";
				TEST_HOST = "$(BUILT_PRODUCTS_DIR)/meteo.app/meteo";
			};
			name = Debug;
		};
		6C052FD9204D56120030B804 /* Release */ = {
			isa = XCBuildConfiguration;
			buildSettings = {
				ALWAYS_EMBED_SWIFT_STANDARD_LIBRARIES = YES;
				BUNDLE_LOADER = "$(TEST_HOST)";
				CODE_SIGN_STYLE = Automatic;
				INFOPLIST_FILE = meteoTests/Info.plist;
				LD_RUNPATH_SEARCH_PATHS = "$(inherited) @executable_path/Frameworks @loader_path/Frameworks";
				PRODUCT_BUNDLE_IDENTIFIER = com.clemtrib.meteoTests;
				PRODUCT_NAME = "$(TARGET_NAME)";
				SWIFT_VERSION = 4.0;
				TARGETED_DEVICE_FAMILY = "1,2";
				TEST_HOST = "$(BUILT_PRODUCTS_DIR)/meteo.app/meteo";
			};
			name = Release;
		};
		6C052FDB204D56120030B804 /* Debug */ = {
			isa = XCBuildConfiguration;
			buildSettings = {
				ALWAYS_EMBED_SWIFT_STANDARD_LIBRARIES = YES;
				CODE_SIGN_STYLE = Automatic;
				INFOPLIST_FILE = meteoUITests/Info.plist;
				LD_RUNPATH_SEARCH_PATHS = "$(inherited) @executable_path/Frameworks @loader_path/Frameworks";
				PRODUCT_BUNDLE_IDENTIFIER = com.clemtrib.meteoUITests;
				PRODUCT_NAME = "$(TARGET_NAME)";
				SWIFT_VERSION = 4.0;
				TARGETED_DEVICE_FAMILY = "1,2";
				TEST_TARGET_NAME = meteo;
			};
			name = Debug;
		};
		6C052FDC204D56120030B804 /* Release */ = {
			isa = XCBuildConfiguration;
			buildSettings = {
				ALWAYS_EMBED_SWIFT_STANDARD_LIBRARIES = YES;
				CODE_SIGN_STYLE = Automatic;
				INFOPLIST_FILE = meteoUITests/Info.plist;
				LD_RUNPATH_SEARCH_PATHS = "$(inherited) @executable_path/Frameworks @loader_path/Frameworks";
				PRODUCT_BUNDLE_IDENTIFIER = com.clemtrib.meteoUITests;
				PRODUCT_NAME = "$(TARGET_NAME)";
				SWIFT_VERSION = 4.0;
				TARGETED_DEVICE_FAMILY = "1,2";
				TEST_TARGET_NAME = meteo;
			};
			name = Release;
		};
/* End XCBuildConfiguration section */

/* Begin XCConfigurationList section */
		6C052FA7204D56120030B804 /* Build configuration list for PBXProject "meteo" */ = {
			isa = XCConfigurationList;
			buildConfigurations = (
				6C052FD2204D56120030B804 /* Debug */,
				6C052FD3204D56120030B804 /* Release */,
			);
			defaultConfigurationIsVisible = 0;
			defaultConfigurationName = Release;
		};
		6C052FD4204D56120030B804 /* Build configuration list for PBXNativeTarget "meteo" */ = {
			isa = XCConfigurationList;
			buildConfigurations = (
				6C052FD5204D56120030B804 /* Debug */,
				6C052FD6204D56120030B804 /* Release */,
			);
			defaultConfigurationIsVisible = 0;
			defaultConfigurationName = Release;
		};
		6C052FD7204D56120030B804 /* Build configuration list for PBXNativeTarget "meteoTests" */ = {
			isa = XCConfigurationList;
			buildConfigurations = (
				6C052FD8204D56120030B804 /* Debug */,
				6C052FD9204D56120030B804 /* Release */,
			);
			defaultConfigurationIsVisible = 0;
			defaultConfigurationName = Release;
		};
		6C052FDA204D56120030B804 /* Build configuration list for PBXNativeTarget "meteoUITests" */ = {
			isa = XCConfigurationList;
			buildConfigurations = (
				6C052FDB204D56120030B804 /* Debug */,
				6C052FDC204D56120030B804 /* Release */,
			);
			defaultConfigurationIsVisible = 0;
			defaultConfigurationName = Release;
		};
/* End XCConfigurationList section */
	};
	rootObject = 6C052FA4204D56120030B804 /* Project object */;
}
